
Microsoft Visual Studio Solution File, Format Version 12.00
# Visual Studio Version 17
VisualStudioVersion = 17.4.33213.308
MinimumVisualStudioVersion = 10.0.40219.1
Project("{FAE04EC0-301F-11D3-BF4B-00C04F79EFBC}") = "WebApi", "WebApi\WebApi.csproj", "{2F3D2278-E3F2-48E6-A30C-2AE67EC099E3}"
EndProject
Global
	GlobalSection(SolutionConfigurationPlatforms) = preSolution
		Debug|Any CPU = Debug|Any CPU
		Release|Any CPU = Release|Any CPU
	EndGlobalSection
	GlobalSection(ProjectConfigurationPlatforms) = postSolution
		{2F3D2278-E3F2-48E6-A30C-2AE67EC099E3}.Debug|Any CPU.ActiveCfg = Debug|Any CPU
		{2F3D2278-E3F2-48E6-A30C-2AE67EC099E3}.Debug|Any CPU.Build.0 = Debug|Any CPU
		{2F3D2278-E3F2-48E6-A30C-2AE67EC099E3}.Release|Any CPU.ActiveCfg = Release|Any CPU
		{2F3D2278-E3F2-48E6-A30C-2AE67EC099E3}.Release|Any CPU.Build.0 = Release|Any CPU
	EndGlobalSection
	GlobalSection(SolutionProperties) = preSolution
		HideSolutionNode = FALSE
	EndGlobalSection
	GlobalSection(ExtensibilityGlobals) = postSolution
		SolutionGuid = {2F1D3C39-F6E0-4ABD-B8DE-B2884F790106}
	EndGlobalSection
EndGlobal
