
Microsoft Visual Studio Solution File, Format Version 12.00
# Visual Studio Version 17
VisualStudioVersion = 17.4.33213.308
MinimumVisualStudioVersion = 10.0.40219.1
Project("{9A19103F-16F7-4668-BE54-9A1E7A4F7556}") = "WebApi", "WebApi\WebApi.csproj", "{2F3D2278-E3F2-48E6-A30C-2AE67EC099E3}"
EndProject
Project("{2150E333-8FDC-42A3-9474-1A3956D46DE8}") = "UI", "UI", "{D543466C-3187-4383-8774-EE84D803A831}"
EndProject
Project("{2150E333-8FDC-42A3-9474-1A3956D46DE8}") = "BLL", "BLL", "{D3B60D86-DEEA-4383-B77D-390B875D6376}"
EndProject
Project("{9A19103F-16F7-4668-BE54-9A1E7A4F7556}") = "Business", "Business\Business.csproj", "{9F97971C-071A-4930-B470-2F2CB20EE58D}"
EndProject
Project("{2150E333-8FDC-42A3-9474-1A3956D46DE8}") = "DAL", "DAL", "{556B77C0-BF22-4263-921B-FAD32AB2CF86}"
EndProject
Project("{9A19103F-16F7-4668-BE54-9A1E7A4F7556}") = "Data", "Data\Data.csproj", "{AAA50209-351B-4BDA-BB83-64E590143650}"
EndProject
Project("{2150E333-8FDC-42A3-9474-1A3956D46DE8}") = "MODEL", "MODEL", "{645F3946-9A6D-408D-B523-15FD5789CC04}"
EndProject
Project("{9A19103F-16F7-4668-BE54-9A1E7A4F7556}") = "Model", "Model\Model.csproj", "{79F285CF-C8F4-4728-A6B2-7D20A0451B8C}"
EndProject
Project("{2150E333-8FDC-42A3-9474-1A3956D46DE8}") = "Solution Items", "Solution Items", "{891045A2-326D-4CB0-B458-0A79F9AEE048}"
	ProjectSection(SolutionItems) = preProject
		.editorconfig = .editorconfig
	EndProjectSection
EndProject
Global
	GlobalSection(SolutionConfigurationPlatforms) = preSolution
		Debug|Any CPU = Debug|Any CPU
		Release|Any CPU = Release|Any CPU
	EndGlobalSection
	GlobalSection(ProjectConfigurationPlatforms) = postSolution
		{2F3D2278-E3F2-48E6-A30C-2AE67EC099E3}.Debug|Any CPU.ActiveCfg = Debug|Any CPU
		{2F3D2278-E3F2-48E6-A30C-2AE67EC099E3}.Debug|Any CPU.Build.0 = Debug|Any CPU
		{2F3D2278-E3F2-48E6-A30C-2AE67EC099E3}.Release|Any CPU.ActiveCfg = Release|Any CPU
		{2F3D2278-E3F2-48E6-A30C-2AE67EC099E3}.Release|Any CPU.Build.0 = Release|Any CPU
		{9F97971C-071A-4930-B470-2F2CB20EE58D}.Debug|Any CPU.ActiveCfg = Debug|Any CPU
		{9F97971C-071A-4930-B470-2F2CB20EE58D}.Debug|Any CPU.Build.0 = Debug|Any CPU
		{9F97971C-071A-4930-B470-2F2CB20EE58D}.Release|Any CPU.ActiveCfg = Release|Any CPU
		{9F97971C-071A-4930-B470-2F2CB20EE58D}.Release|Any CPU.Build.0 = Release|Any CPU
		{AAA50209-351B-4BDA-BB83-64E590143650}.Debug|Any CPU.ActiveCfg = Debug|Any CPU
		{AAA50209-351B-4BDA-BB83-64E590143650}.Debug|Any CPU.Build.0 = Debug|Any CPU
		{AAA50209-351B-4BDA-BB83-64E590143650}.Release|Any CPU.ActiveCfg = Release|Any CPU
		{AAA50209-351B-4BDA-BB83-64E590143650}.Release|Any CPU.Build.0 = Release|Any CPU
		{79F285CF-C8F4-4728-A6B2-7D20A0451B8C}.Debug|Any CPU.ActiveCfg = Debug|Any CPU
		{79F285CF-C8F4-4728-A6B2-7D20A0451B8C}.Debug|Any CPU.Build.0 = Debug|Any CPU
		{79F285CF-C8F4-4728-A6B2-7D20A0451B8C}.Release|Any CPU.ActiveCfg = Release|Any CPU
		{79F285CF-C8F4-4728-A6B2-7D20A0451B8C}.Release|Any CPU.Build.0 = Release|Any CPU
	EndGlobalSection
	GlobalSection(SolutionProperties) = preSolution
		HideSolutionNode = FALSE
	EndGlobalSection
	GlobalSection(NestedProjects) = preSolution
		{2F3D2278-E3F2-48E6-A30C-2AE67EC099E3} = {D543466C-3187-4383-8774-EE84D803A831}
		{9F97971C-071A-4930-B470-2F2CB20EE58D} = {D3B60D86-DEEA-4383-B77D-390B875D6376}
		{AAA50209-351B-4BDA-BB83-64E590143650} = {556B77C0-BF22-4263-921B-FAD32AB2CF86}
		{79F285CF-C8F4-4728-A6B2-7D20A0451B8C} = {645F3946-9A6D-408D-B523-15FD5789CC04}
	EndGlobalSection
	GlobalSection(ExtensibilityGlobals) = postSolution
		SolutionGuid = {2F1D3C39-F6E0-4ABD-B8DE-B2884F790106}
	EndGlobalSection
EndGlobal
